// !$*UTF8*$!
{
	archiveVersion = 1;
	classes = {
	};
	objectVersion = 55;
	objects = {

/* Begin PBXBuildFile section */
		D9152E922833597E001D0AAF /* ProfileHeaderView.swift in Sources */ = {isa = PBXBuildFile; fileRef = D9152E912833597E001D0AAF /* ProfileHeaderView.swift */; };
		D920FC59283243C50005DC53 /* AppDelegate.swift in Sources */ = {isa = PBXBuildFile; fileRef = D920FC58283243C50005DC53 /* AppDelegate.swift */; };
		D920FC5B283243C50005DC53 /* SceneDelegate.swift in Sources */ = {isa = PBXBuildFile; fileRef = D920FC5A283243C50005DC53 /* SceneDelegate.swift */; };
		D920FC60283243C50005DC53 /* Main.storyboard in Resources */ = {isa = PBXBuildFile; fileRef = D920FC5E283243C50005DC53 /* Main.storyboard */; };
		D920FC62283243C70005DC53 /* Assets.xcassets in Resources */ = {isa = PBXBuildFile; fileRef = D920FC61283243C70005DC53 /* Assets.xcassets */; };
		D920FC65283243C70005DC53 /* LaunchScreen.storyboard in Resources */ = {isa = PBXBuildFile; fileRef = D920FC63283243C70005DC53 /* LaunchScreen.storyboard */; };
		D920FC6D2832456A0005DC53 /* FeedViewController.swift in Sources */ = {isa = PBXBuildFile; fileRef = D920FC6C2832456A0005DC53 /* FeedViewController.swift */; };
		D920FC6F283246240005DC53 /* InfoViewController.swift in Sources */ = {isa = PBXBuildFile; fileRef = D920FC6E283246240005DC53 /* InfoViewController.swift */; };
		D920FC71283246680005DC53 /* MainTabBarController.swift in Sources */ = {isa = PBXBuildFile; fileRef = D920FC70283246680005DC53 /* MainTabBarController.swift */; };
		D920FC75283246C40005DC53 /* ProfileViewController.swift in Sources */ = {isa = PBXBuildFile; fileRef = D920FC74283246C40005DC53 /* ProfileViewController.swift */; };
		D9472BF4283A164A00CFFD32 /* PostViewController.swift in Sources */ = {isa = PBXBuildFile; fileRef = D9472BF3283A164A00CFFD32 /* PostViewController.swift */; };
		D9472BF6283A199900CFFD32 /* PostTableViewCell.swift in Sources */ = {isa = PBXBuildFile; fileRef = D9472BF5283A199900CFFD32 /* PostTableViewCell.swift */; };
		D9472BF8283A1D2300CFFD32 /* UIView.swift in Sources */ = {isa = PBXBuildFile; fileRef = D9472BF7283A1D2300CFFD32 /* UIView.swift */; };
		D9494EAF2839EDD8008046E3 /* LogInViewController.swift in Sources */ = {isa = PBXBuildFile; fileRef = D9494EAE2839EDD8008046E3 /* LogInViewController.swift */; };
		D9494EB22839FD70008046E3 /* Post.swift in Sources */ = {isa = PBXBuildFile; fileRef = D9494EB12839FD70008046E3 /* Post.swift */; };
		D989DDB6283E12E500FA0B8C /* LogAndPass.swift in Sources */ = {isa = PBXBuildFile; fileRef = D989DDB5283E12E500FA0B8C /* LogAndPass.swift */; };
		D9BC8F4F283B4037008F0ED2 /* PhotosCollectionViewCell.swift in Sources */ = {isa = PBXBuildFile; fileRef = D9BC8F4E283B4037008F0ED2 /* PhotosCollectionViewCell.swift */; };
		D9BC8F51283B40AE008F0ED2 /* PhotosTableViewCell.swift in Sources */ = {isa = PBXBuildFile; fileRef = D9BC8F50283B40AE008F0ED2 /* PhotosTableViewCell.swift */; };
		D9BC8F53283B4249008F0ED2 /* Photos.swift in Sources */ = {isa = PBXBuildFile; fileRef = D9BC8F52283B4249008F0ED2 /* Photos.swift */; };
		D9BC8F55283B437B008F0ED2 /* PhotosViewController.swift in Sources */ = {isa = PBXBuildFile; fileRef = D9BC8F54283B437B008F0ED2 /* PhotosViewController.swift */; };
/* End PBXBuildFile section */

/* Begin PBXFileReference section */
		D9152E912833597E001D0AAF /* ProfileHeaderView.swift */ = {isa = PBXFileReference; lastKnownFileType = sourcecode.swift; path = ProfileHeaderView.swift; sourceTree = "<group>"; };
		D920FC55283243C50005DC53 /* Navigation.app */ = {isa = PBXFileReference; explicitFileType = wrapper.application; includeInIndex = 0; path = Navigation.app; sourceTree = BUILT_PRODUCTS_DIR; };
		D920FC58283243C50005DC53 /* AppDelegate.swift */ = {isa = PBXFileReference; lastKnownFileType = sourcecode.swift; path = AppDelegate.swift; sourceTree = "<group>"; };
		D920FC5A283243C50005DC53 /* SceneDelegate.swift */ = {isa = PBXFileReference; lastKnownFileType = sourcecode.swift; path = SceneDelegate.swift; sourceTree = "<group>"; };
		D920FC5F283243C50005DC53 /* Base */ = {isa = PBXFileReference; lastKnownFileType = file.storyboard; name = Base; path = Base.lproj/Main.storyboard; sourceTree = "<group>"; };
		D920FC61283243C70005DC53 /* Assets.xcassets */ = {isa = PBXFileReference; lastKnownFileType = folder.assetcatalog; path = Assets.xcassets; sourceTree = "<group>"; };
		D920FC64283243C70005DC53 /* Base */ = {isa = PBXFileReference; lastKnownFileType = file.storyboard; name = Base; path = Base.lproj/LaunchScreen.storyboard; sourceTree = "<group>"; };
		D920FC66283243C70005DC53 /* Info.plist */ = {isa = PBXFileReference; lastKnownFileType = text.plist.xml; path = Info.plist; sourceTree = "<group>"; };
		D920FC6C2832456A0005DC53 /* FeedViewController.swift */ = {isa = PBXFileReference; lastKnownFileType = sourcecode.swift; path = FeedViewController.swift; sourceTree = "<group>"; };
		D920FC6E283246240005DC53 /* InfoViewController.swift */ = {isa = PBXFileReference; lastKnownFileType = sourcecode.swift; path = InfoViewController.swift; sourceTree = "<group>"; };
		D920FC70283246680005DC53 /* MainTabBarController.swift */ = {isa = PBXFileReference; lastKnownFileType = sourcecode.swift; path = MainTabBarController.swift; sourceTree = "<group>"; };
		D920FC74283246C40005DC53 /* ProfileViewController.swift */ = {isa = PBXFileReference; lastKnownFileType = sourcecode.swift; path = ProfileViewController.swift; sourceTree = "<group>"; };
		D9472BF3283A164A00CFFD32 /* PostViewController.swift */ = {isa = PBXFileReference; lastKnownFileType = sourcecode.swift; path = PostViewController.swift; sourceTree = "<group>"; };
		D9472BF5283A199900CFFD32 /* PostTableViewCell.swift */ = {isa = PBXFileReference; lastKnownFileType = sourcecode.swift; path = PostTableViewCell.swift; sourceTree = "<group>"; };
		D9472BF7283A1D2300CFFD32 /* UIView.swift */ = {isa = PBXFileReference; lastKnownFileType = sourcecode.swift; path = UIView.swift; sourceTree = "<group>"; };
		D9494EAE2839EDD8008046E3 /* LogInViewController.swift */ = {isa = PBXFileReference; lastKnownFileType = sourcecode.swift; path = LogInViewController.swift; sourceTree = "<group>"; };
		D9494EB12839FD70008046E3 /* Post.swift */ = {isa = PBXFileReference; lastKnownFileType = sourcecode.swift; path = Post.swift; sourceTree = "<group>"; };
		D989DDB5283E12E500FA0B8C /* LogAndPass.swift */ = {isa = PBXFileReference; lastKnownFileType = sourcecode.swift; path = LogAndPass.swift; sourceTree = "<group>"; };
		D9BC8F4E283B4037008F0ED2 /* PhotosCollectionViewCell.swift */ = {isa = PBXFileReference; lastKnownFileType = sourcecode.swift; path = PhotosCollectionViewCell.swift; sourceTree = "<group>"; };
		D9BC8F50283B40AE008F0ED2 /* PhotosTableViewCell.swift */ = {isa = PBXFileReference; lastKnownFileType = sourcecode.swift; path = PhotosTableViewCell.swift; sourceTree = "<group>"; };
		D9BC8F52283B4249008F0ED2 /* Photos.swift */ = {isa = PBXFileReference; lastKnownFileType = sourcecode.swift; path = Photos.swift; sourceTree = "<group>"; };
		D9BC8F54283B437B008F0ED2 /* PhotosViewController.swift */ = {isa = PBXFileReference; lastKnownFileType = sourcecode.swift; path = PhotosViewController.swift; sourceTree = "<group>"; };
/* End PBXFileReference section */

/* Begin PBXFrameworksBuildPhase section */
		D920FC52283243C50005DC53 /* Frameworks */ = {
			isa = PBXFrameworksBuildPhase;
			buildActionMask = 2147483647;
			files = (
			);
			runOnlyForDeploymentPostprocessing = 0;
		};
/* End PBXFrameworksBuildPhase section */

/* Begin PBXGroup section */
		D9152E90283358BD001D0AAF /*  Profile */ = {
			isa = PBXGroup;
			children = (
				D920FC74283246C40005DC53 /* ProfileViewController.swift */,
				D9152E912833597E001D0AAF /* ProfileHeaderView.swift */,
				D9472BF3283A164A00CFFD32 /* PostViewController.swift */,
				D9BC8F54283B437B008F0ED2 /* PhotosViewController.swift */,
			);
			path = " Profile";
			sourceTree = "<group>";
		};
		D920FC4C283243C50005DC53 = {
			isa = PBXGroup;
			children = (
				D920FC57283243C50005DC53 /* Navigation */,
				D920FC56283243C50005DC53 /* Products */,
			);
			sourceTree = "<group>";
		};
		D920FC56283243C50005DC53 /* Products */ = {
			isa = PBXGroup;
			children = (
				D920FC55283243C50005DC53 /* Navigation.app */,
			);
			name = Products;
			sourceTree = "<group>";
		};
		D920FC57283243C50005DC53 /* Navigation */ = {
			isa = PBXGroup;
			children = (
				D989DDB4283E12B800FA0B8C /* Login */,
				D9BC8F4D283B3FE2008F0ED2 /* Cell */,
				D9494EB02839FD20008046E3 /* Model */,
				D9152E90283358BD001D0AAF /*  Profile */,
				D920FC6C2832456A0005DC53 /* FeedViewController.swift */,
				D920FC6E283246240005DC53 /* InfoViewController.swift */,
				D9472BF7283A1D2300CFFD32 /* UIView.swift */,
				D920FC5A283243C50005DC53 /* SceneDelegate.swift */,
				D920FC70283246680005DC53 /* MainTabBarController.swift */,
				D920FC58283243C50005DC53 /* AppDelegate.swift */,
				D920FC5E283243C50005DC53 /* Main.storyboard */,
				D920FC61283243C70005DC53 /* Assets.xcassets */,
				D920FC63283243C70005DC53 /* LaunchScreen.storyboard */,
				D920FC66283243C70005DC53 /* Info.plist */,
			);
			path = Navigation;
			sourceTree = "<group>";
		};
		D9494EB02839FD20008046E3 /* Model */ = {
			isa = PBXGroup;
			children = (
				D9494EB12839FD70008046E3 /* Post.swift */,
				D9BC8F52283B4249008F0ED2 /* Photos.swift */,
			);
			path = Model;
			sourceTree = "<group>";
		};
		D989DDB4283E12B800FA0B8C /* Login */ = {
			isa = PBXGroup;
			children = (
				D9494EAE2839EDD8008046E3 /* LogInViewController.swift */,
				D989DDB5283E12E500FA0B8C /* LogAndPass.swift */,
			);
			path = Login;
			sourceTree = "<group>";
		};
		D9BC8F4D283B3FE2008F0ED2 /* Cell */ = {
			isa = PBXGroup;
			children = (
				D9BC8F4E283B4037008F0ED2 /* PhotosCollectionViewCell.swift */,
				D9BC8F50283B40AE008F0ED2 /* PhotosTableViewCell.swift */,
				D9472BF5283A199900CFFD32 /* PostTableViewCell.swift */,
			);
			path = Cell;
			sourceTree = "<group>";
		};
/* End PBXGroup section */

/* Begin PBXNativeTarget section */
		D920FC54283243C50005DC53 /* Navigation */ = {
			isa = PBXNativeTarget;
			buildConfigurationList = D920FC69283243C70005DC53 /* Build configuration list for PBXNativeTarget "Navigation" */;
			buildPhases = (
				D920FC51283243C50005DC53 /* Sources */,
				D920FC52283243C50005DC53 /* Frameworks */,
				D920FC53283243C50005DC53 /* Resources */,
			);
			buildRules = (
			);
			dependencies = (
			);
			name = Navigation;
			productName = Navigation;
			productReference = D920FC55283243C50005DC53 /* Navigation.app */;
			productType = "com.apple.product-type.application";
		};
/* End PBXNativeTarget section */

/* Begin PBXProject section */
		D920FC4D283243C50005DC53 /* Project object */ = {
			isa = PBXProject;
			attributes = {
				BuildIndependentTargetsInParallel = 1;
				LastSwiftUpdateCheck = 1330;
				LastUpgradeCheck = 1330;
				TargetAttributes = {
					D920FC54283243C50005DC53 = {
						CreatedOnToolsVersion = 13.3.1;
					};
				};
			};
			buildConfigurationList = D920FC50283243C50005DC53 /* Build configuration list for PBXProject "Navigation" */;
			compatibilityVersion = "Xcode 13.0";
			developmentRegion = en;
			hasScannedForEncodings = 0;
			knownRegions = (
				en,
				Base,
			);
			mainGroup = D920FC4C283243C50005DC53;
			productRefGroup = D920FC56283243C50005DC53 /* Products */;
			projectDirPath = "";
			projectRoot = "";
			targets = (
				D920FC54283243C50005DC53 /* Navigation */,
			);
		};
/* End PBXProject section */

/* Begin PBXResourcesBuildPhase section */
		D920FC53283243C50005DC53 /* Resources */ = {
			isa = PBXResourcesBuildPhase;
			buildActionMask = 2147483647;
			files = (
				D920FC65283243C70005DC53 /* LaunchScreen.storyboard in Resources */,
				D920FC62283243C70005DC53 /* Assets.xcassets in Resources */,
				D920FC60283243C50005DC53 /* Main.storyboard in Resources */,
			);
			runOnlyForDeploymentPostprocessing = 0;
		};
/* End PBXResourcesBuildPhase section */

/* Begin PBXSourcesBuildPhase section */
		D920FC51283243C50005DC53 /* Sources */ = {
			isa = PBXSourcesBuildPhase;
			buildActionMask = 2147483647;
			files = (
				D9472BF8283A1D2300CFFD32 /* UIView.swift in Sources */,
				D9BC8F55283B437B008F0ED2 /* PhotosViewController.swift in Sources */,
				D9472BF4283A164A00CFFD32 /* PostViewController.swift in Sources */,
				D920FC59283243C50005DC53 /* AppDelegate.swift in Sources */,
				D9BC8F53283B4249008F0ED2 /* Photos.swift in Sources */,
				D9494EAF2839EDD8008046E3 /* LogInViewController.swift in Sources */,
				D9BC8F4F283B4037008F0ED2 /* PhotosCollectionViewCell.swift in Sources */,
				D920FC6D2832456A0005DC53 /* FeedViewController.swift in Sources */,
				D989DDB6283E12E500FA0B8C /* LogAndPass.swift in Sources */,
				D920FC71283246680005DC53 /* MainTabBarController.swift in Sources */,
				D920FC75283246C40005DC53 /* ProfileViewController.swift in Sources */,
				D9BC8F51283B40AE008F0ED2 /* PhotosTableViewCell.swift in Sources */,
				D920FC6F283246240005DC53 /* InfoViewController.swift in Sources */,
				D920FC5B283243C50005DC53 /* SceneDelegate.swift in Sources */,
				D9152E922833597E001D0AAF /* ProfileHeaderView.swift in Sources */,
				D9494EB22839FD70008046E3 /* Post.swift in Sources */,
				D9472BF6283A199900CFFD32 /* PostTableViewCell.swift in Sources */,
			);
			runOnlyForDeploymentPostprocessing = 0;
		};
/* End PBXSourcesBuildPhase section */

/* Begin PBXVariantGroup section */
		D920FC5E283243C50005DC53 /* Main.storyboard */ = {
			isa = PBXVariantGroup;
			children = (
				D920FC5F283243C50005DC53 /* Base */,
			);
			name = Main.storyboard;
			sourceTree = "<group>";
		};
		D920FC63283243C70005DC53 /* LaunchScreen.storyboard */ = {
			isa = PBXVariantGroup;
			children = (
				D920FC64283243C70005DC53 /* Base */,
			);
			name = LaunchScreen.storyboard;
			sourceTree = "<group>";
		};
/* End PBXVariantGroup section */

/* Begin XCBuildConfiguration section */
		D920FC67283243C70005DC53 /* Debug */ = {
			isa = XCBuildConfiguration;
			buildSettings = {
				ALWAYS_SEARCH_USER_PATHS = NO;
				CLANG_ANALYZER_NONNULL = YES;
				CLANG_ANALYZER_NUMBER_OBJECT_CONVERSION = YES_AGGRESSIVE;
				CLANG_CXX_LANGUAGE_STANDARD = "gnu++17";
				CLANG_ENABLE_MODULES = YES;
				CLANG_ENABLE_OBJC_ARC = YES;
				CLANG_ENABLE_OBJC_WEAK = YES;
				CLANG_WARN_BLOCK_CAPTURE_AUTORELEASING = YES;
				CLANG_WARN_BOOL_CONVERSION = YES;
				CLANG_WARN_COMMA = YES;
				CLANG_WARN_CONSTANT_CONVERSION = YES;
				CLANG_WARN_DEPRECATED_OBJC_IMPLEMENTATIONS = YES;
				CLANG_WARN_DIRECT_OBJC_ISA_USAGE = YES_ERROR;
				CLANG_WARN_DOCUMENTATION_COMMENTS = YES;
				CLANG_WARN_EMPTY_BODY = YES;
				CLANG_WARN_ENUM_CONVERSION = YES;
				CLANG_WARN_INFINITE_RECURSION = YES;
				CLANG_WARN_INT_CONVERSION = YES;
				CLANG_WARN_NON_LITERAL_NULL_CONVERSION = YES;
				CLANG_WARN_OBJC_IMPLICIT_RETAIN_SELF = YES;
				CLANG_WARN_OBJC_LITERAL_CONVERSION = YES;
				CLANG_WARN_OBJC_ROOT_CLASS = YES_ERROR;
				CLANG_WARN_QUOTED_INCLUDE_IN_FRAMEWORK_HEADER = YES;
				CLANG_WARN_RANGE_LOOP_ANALYSIS = YES;
				CLANG_WARN_STRICT_PROTOTYPES = YES;
				CLANG_WARN_SUSPICIOUS_MOVE = YES;
				CLANG_WARN_UNGUARDED_AVAILABILITY = YES_AGGRESSIVE;
				CLANG_WARN_UNREACHABLE_CODE = YES;
				CLANG_WARN__DUPLICATE_METHOD_MATCH = YES;
				COPY_PHASE_STRIP = NO;
				DEBUG_INFORMATION_FORMAT = dwarf;
				ENABLE_STRICT_OBJC_MSGSEND = YES;
				ENABLE_TESTABILITY = YES;
				GCC_C_LANGUAGE_STANDARD = gnu11;
				GCC_DYNAMIC_NO_PIC = NO;
				GCC_NO_COMMON_BLOCKS = YES;
				GCC_OPTIMIZATION_LEVEL = 0;
				GCC_PREPROCESSOR_DEFINITIONS = (
					"DEBUG=1",
					"$(inherited)",
				);
				GCC_WARN_64_TO_32_BIT_CONVERSION = YES;
				GCC_WARN_ABOUT_RETURN_TYPE = YES_ERROR;
				GCC_WARN_UNDECLARED_SELECTOR = YES;
				GCC_WARN_UNINITIALIZED_AUTOS = YES_AGGRESSIVE;
				GCC_WARN_UNUSED_FUNCTION = YES;
				GCC_WARN_UNUSED_VARIABLE = YES;
				IPHONEOS_DEPLOYMENT_TARGET = 15.4;
				MTL_ENABLE_DEBUG_INFO = INCLUDE_SOURCE;
				MTL_FAST_MATH = YES;
				ONLY_ACTIVE_ARCH = YES;
				SDKROOT = iphoneos;
				SWIFT_ACTIVE_COMPILATION_CONDITIONS = DEBUG;
				SWIFT_OPTIMIZATION_LEVEL = "-Onone";
			};
			name = Debug;
		};
		D920FC68283243C70005DC53 /* Release */ = {
			isa = XCBuildConfiguration;
			buildSettings = {
				ALWAYS_SEARCH_USER_PATHS = NO;
				CLANG_ANALYZER_NONNULL = YES;
				CLANG_ANALYZER_NUMBER_OBJECT_CONVERSION = YES_AGGRESSIVE;
				CLANG_CXX_LANGUAGE_STANDARD = "gnu++17";
				CLANG_ENABLE_MODULES = YES;
				CLANG_ENABLE_OBJC_ARC = YES;
				CLANG_ENABLE_OBJC_WEAK = YES;
				CLANG_WARN_BLOCK_CAPTURE_AUTORELEASING = YES;
				CLANG_WARN_BOOL_CONVERSION = YES;
				CLANG_WARN_COMMA = YES;
				CLANG_WARN_CONSTANT_CONVERSION = YES;
				CLANG_WARN_DEPRECATED_OBJC_IMPLEMENTATIONS = YES;
				CLANG_WARN_DIRECT_OBJC_ISA_USAGE = YES_ERROR;
				CLANG_WARN_DOCUMENTATION_COMMENTS = YES;
				CLANG_WARN_EMPTY_BODY = YES;
				CLANG_WARN_ENUM_CONVERSION = YES;
				CLANG_WARN_INFINITE_RECURSION = YES;
				CLANG_WARN_INT_CONVERSION = YES;
				CLANG_WARN_NON_LITERAL_NULL_CONVERSION = YES;
				CLANG_WARN_OBJC_IMPLICIT_RETAIN_SELF = YES;
				CLANG_WARN_OBJC_LITERAL_CONVERSION = YES;
				CLANG_WARN_OBJC_ROOT_CLASS = YES_ERROR;
				CLANG_WARN_QUOTED_INCLUDE_IN_FRAMEWORK_HEADER = YES;
				CLANG_WARN_RANGE_LOOP_ANALYSIS = YES;
				CLANG_WARN_STRICT_PROTOTYPES = YES;
				CLANG_WARN_SUSPICIOUS_MOVE = YES;
				CLANG_WARN_UNGUARDED_AVAILABILITY = YES_AGGRESSIVE;
				CLANG_WARN_UNREACHABLE_CODE = YES;
				CLANG_WARN__DUPLICATE_METHOD_MATCH = YES;
				COPY_PHASE_STRIP = NO;
				DEBUG_INFORMATION_FORMAT = "dwarf-with-dsym";
				ENABLE_NS_ASSERTIONS = NO;
				ENABLE_STRICT_OBJC_MSGSEND = YES;
				GCC_C_LANGUAGE_STANDARD = gnu11;
				GCC_NO_COMMON_BLOCKS = YES;
				GCC_WARN_64_TO_32_BIT_CONVERSION = YES;
				GCC_WARN_ABOUT_RETURN_TYPE = YES_ERROR;
				GCC_WARN_UNDECLARED_SELECTOR = YES;
				GCC_WARN_UNINITIALIZED_AUTOS = YES_AGGRESSIVE;
				GCC_WARN_UNUSED_FUNCTION = YES;
				GCC_WARN_UNUSED_VARIABLE = YES;
				IPHONEOS_DEPLOYMENT_TARGET = 15.4;
				MTL_ENABLE_DEBUG_INFO = NO;
				MTL_FAST_MATH = YES;
				SDKROOT = iphoneos;
				SWIFT_COMPILATION_MODE = wholemodule;
				SWIFT_OPTIMIZATION_LEVEL = "-O";
				VALIDATE_PRODUCT = YES;
			};
			name = Release;
		};
		D920FC6A283243C70005DC53 /* Debug */ = {
			isa = XCBuildConfiguration;
			buildSettings = {
				ASSETCATALOG_COMPILER_APPICON_NAME = AppIcon;
				ASSETCATALOG_COMPILER_GLOBAL_ACCENT_COLOR_NAME = AccentColor;
				CODE_SIGN_STYLE = Automatic;
				CURRENT_PROJECT_VERSION = 1;
				DEVELOPMENT_TEAM = G79S733FC8;
				GENERATE_INFOPLIST_FILE = YES;
				INFOPLIST_FILE = Navigation/Info.plist;
				INFOPLIST_KEY_UIApplicationSupportsIndirectInputEvents = YES;
				INFOPLIST_KEY_UILaunchStoryboardName = LaunchScreen;
				INFOPLIST_KEY_UISupportedInterfaceOrientations = UIInterfaceOrientationPortrait;
				INFOPLIST_KEY_UISupportedInterfaceOrientations_iPad = "UIInterfaceOrientationPortrait UIInterfaceOrientationPortraitUpsideDown UIInterfaceOrientationLandscapeLeft UIInterfaceOrientationLandscapeRight";
				INFOPLIST_KEY_UISupportedInterfaceOrientations_iPhone = "UIInterfaceOrientationPortrait UIInterfaceOrientationLandscapeLeft UIInterfaceOrientationLandscapeRight";
				INFOPLIST_KEY_UIUserInterfaceStyle = "";
				LD_RUNPATH_SEARCH_PATHS = (
					"$(inherited)",
					"@executable_path/Frameworks",
				);
				MARKETING_VERSION = 1.0;
				PRODUCT_BUNDLE_IDENTIFIER = a.polikarpov.Navigation;
				PRODUCT_NAME = "$(TARGET_NAME)";
				SWIFT_EMIT_LOC_STRINGS = YES;
				SWIFT_VERSION = 5.0;
				TARGETED_DEVICE_FAMILY = 1;
			};
			name = Debug;
		};
		D920FC6B283243C70005DC53 /* Release */ = {
			isa = XCBuildConfiguration;
			buildSettings = {
				ASSETCATALOG_COMPILER_APPICON_NAME = AppIcon;
				ASSETCATALOG_COMPILER_GLOBAL_ACCENT_COLOR_NAME = AccentColor;
				CODE_SIGN_STYLE = Automatic;
				CURRENT_PROJECT_VERSION = 1;
				DEVELOPMENT_TEAM = G79S733FC8;
				GENERATE_INFOPLIST_FILE = YES;
				INFOPLIST_FILE = Navigation/Info.plist;
				INFOPLIST_KEY_UIApplicationSupportsIndirectInputEvents = YES;
				INFOPLIST_KEY_UILaunchStoryboardName = LaunchScreen;
				INFOPLIST_KEY_UISupportedInterfaceOrientations = UIInterfaceOrientationPortrait;
				INFOPLIST_KEY_UISupportedInterfaceOrientations_iPad = "UIInterfaceOrientationPortrait UIInterfaceOrientationPortraitUpsideDown UIInterfaceOrientationLandscapeLeft UIInterfaceOrientationLandscapeRight";
				INFOPLIST_KEY_UISupportedInterfaceOrientations_iPhone = "UIInterfaceOrientationPortrait UIInterfaceOrientationLandscapeLeft UIInterfaceOrientationLandscapeRight";
				INFOPLIST_KEY_UIUserInterfaceStyle = "";
				LD_RUNPATH_SEARCH_PATHS = (
					"$(inherited)",
					"@executable_path/Frameworks",
				);
				MARKETING_VERSION = 1.0;
				PRODUCT_BUNDLE_IDENTIFIER = a.polikarpov.Navigation;
				PRODUCT_NAME = "$(TARGET_NAME)";
				SWIFT_EMIT_LOC_STRINGS = YES;
				SWIFT_VERSION = 5.0;
				TARGETED_DEVICE_FAMILY = 1;
			};
			name = Release;
		};
/* End XCBuildConfiguration section */

/* Begin XCConfigurationList section */
		D920FC50283243C50005DC53 /* Build configuration list for PBXProject "Navigation" */ = {
			isa = XCConfigurationList;
			buildConfigurations = (
				D920FC67283243C70005DC53 /* Debug */,
				D920FC68283243C70005DC53 /* Release */,
			);
			defaultConfigurationIsVisible = 0;
			defaultConfigurationName = Release;
		};
		D920FC69283243C70005DC53 /* Build configuration list for PBXNativeTarget "Navigation" */ = {
			isa = XCConfigurationList;
			buildConfigurations = (
				D920FC6A283243C70005DC53 /* Debug */,
				D920FC6B283243C70005DC53 /* Release */,
			);
			defaultConfigurationIsVisible = 0;
			defaultConfigurationName = Release;
		};
/* End XCConfigurationList section */
	};
	rootObject = D920FC4D283243C50005DC53 /* Project object */;
}
